
Microsoft Visual Studio Solution File, Format Version 12.00
# Visual Studio Version 16
VisualStudioVersion = 16.0.30114.105
MinimumVisualStudioVersion = 10.0.40219.1
Project("{9A19103F-16F7-4668-BE54-9A1E7A4F7556}") = "Taxi.Common", "Taxi.Common\Taxi.Common.csproj", "{57FEFD88-41F7-4250-870A-4F0506F27B54}"
EndProject
Project("{9A19103F-16F7-4668-BE54-9A1E7A4F7556}") = "Taxi.Web", "Taxi.Web\Taxi.Web.csproj", "{F0886D8A-C4DB-40D4-A22E-68B416B31ED4}"
EndProject
Project("{9A19103F-16F7-4668-BE54-9A1E7A4F7556}") = "Taxi.Prism", "Taxi.Prism\Taxi.Prism\Taxi.Prism.csproj", "{4F1BF8FD-09E1-40AF-9015-2D23B8924963}"
EndProject
Project("{FAE04EC0-301F-11D3-BF4B-00C04F79EFBC}") = "Taxi.Prism.Android", "Taxi.Prism\Taxi.Prism.Android\Taxi.Prism.Android.csproj", "{DD30981D-CB00-4FAB-8A47-4942A102A3B3}"
EndProject
Project("{FAE04EC0-301F-11D3-BF4B-00C04F79EFBC}") = "Taxi.Prism.iOS", "Taxi.Prism\Taxi.Prism.iOS\Taxi.Prism.iOS.csproj", "{DC0521B7-9DB7-473C-BB6F-1F8B5FA1F5D3}"
EndProject
Project("{FAE04EC0-301F-11D3-BF4B-00C04F79EFBC}") = "Taxi.Cross.IOS", "Taxi.Cross.IOS\Taxi.Cross.IOS.csproj", "{59A9051E-B258-428D-A595-7E1AADB37092}"
EndProject
Global
	GlobalSection(SolutionConfigurationPlatforms) = preSolution
		Ad-Hoc|Any CPU = Ad-Hoc|Any CPU
		Ad-Hoc|iPhone = Ad-Hoc|iPhone
		Ad-Hoc|iPhoneSimulator = Ad-Hoc|iPhoneSimulator
		AppStore|Any CPU = AppStore|Any CPU
		AppStore|iPhone = AppStore|iPhone
		AppStore|iPhoneSimulator = AppStore|iPhoneSimulator
		Debug|Any CPU = Debug|Any CPU
		Debug|iPhone = Debug|iPhone
		Debug|iPhoneSimulator = Debug|iPhoneSimulator
		Release|Any CPU = Release|Any CPU
		Release|iPhone = Release|iPhone
		Release|iPhoneSimulator = Release|iPhoneSimulator
	EndGlobalSection
	GlobalSection(ProjectConfigurationPlatforms) = postSolution
		{57FEFD88-41F7-4250-870A-4F0506F27B54}.Ad-Hoc|Any CPU.ActiveCfg = Release|Any CPU
		{57FEFD88-41F7-4250-870A-4F0506F27B54}.Ad-Hoc|Any CPU.Build.0 = Release|Any CPU
		{57FEFD88-41F7-4250-870A-4F0506F27B54}.Ad-Hoc|iPhone.ActiveCfg = Release|Any CPU
		{57FEFD88-41F7-4250-870A-4F0506F27B54}.Ad-Hoc|iPhone.Build.0 = Release|Any CPU
		{57FEFD88-41F7-4250-870A-4F0506F27B54}.Ad-Hoc|iPhoneSimulator.ActiveCfg = Release|Any CPU
		{57FEFD88-41F7-4250-870A-4F0506F27B54}.Ad-Hoc|iPhoneSimulator.Build.0 = Release|Any CPU
		{57FEFD88-41F7-4250-870A-4F0506F27B54}.AppStore|Any CPU.ActiveCfg = Release|Any CPU
		{57FEFD88-41F7-4250-870A-4F0506F27B54}.AppStore|Any CPU.Build.0 = Release|Any CPU
		{57FEFD88-41F7-4250-870A-4F0506F27B54}.AppStore|iPhone.ActiveCfg = Release|Any CPU
		{57FEFD88-41F7-4250-870A-4F0506F27B54}.AppStore|iPhone.Build.0 = Release|Any CPU
		{57FEFD88-41F7-4250-870A-4F0506F27B54}.AppStore|iPhoneSimulator.ActiveCfg = Release|Any CPU
		{57FEFD88-41F7-4250-870A-4F0506F27B54}.AppStore|iPhoneSimulator.Build.0 = Release|Any CPU
		{57FEFD88-41F7-4250-870A-4F0506F27B54}.Debug|Any CPU.ActiveCfg = Debug|Any CPU
		{57FEFD88-41F7-4250-870A-4F0506F27B54}.Debug|Any CPU.Build.0 = Debug|Any CPU
		{57FEFD88-41F7-4250-870A-4F0506F27B54}.Debug|iPhone.ActiveCfg = Debug|Any CPU
		{57FEFD88-41F7-4250-870A-4F0506F27B54}.Debug|iPhone.Build.0 = Debug|Any CPU
		{57FEFD88-41F7-4250-870A-4F0506F27B54}.Debug|iPhoneSimulator.ActiveCfg = Debug|Any CPU
		{57FEFD88-41F7-4250-870A-4F0506F27B54}.Debug|iPhoneSimulator.Build.0 = Debug|Any CPU
		{57FEFD88-41F7-4250-870A-4F0506F27B54}.Release|Any CPU.ActiveCfg = Release|Any CPU
		{57FEFD88-41F7-4250-870A-4F0506F27B54}.Release|Any CPU.Build.0 = Release|Any CPU
		{57FEFD88-41F7-4250-870A-4F0506F27B54}.Release|iPhone.ActiveCfg = Release|Any CPU
		{57FEFD88-41F7-4250-870A-4F0506F27B54}.Release|iPhone.Build.0 = Release|Any CPU
		{57FEFD88-41F7-4250-870A-4F0506F27B54}.Release|iPhoneSimulator.ActiveCfg = Release|Any CPU
		{57FEFD88-41F7-4250-870A-4F0506F27B54}.Release|iPhoneSimulator.Build.0 = Release|Any CPU
		{F0886D8A-C4DB-40D4-A22E-68B416B31ED4}.Ad-Hoc|Any CPU.ActiveCfg = Release|Any CPU
		{F0886D8A-C4DB-40D4-A22E-68B416B31ED4}.Ad-Hoc|Any CPU.Build.0 = Release|Any CPU
		{F0886D8A-C4DB-40D4-A22E-68B416B31ED4}.Ad-Hoc|iPhone.ActiveCfg = Release|Any CPU
		{F0886D8A-C4DB-40D4-A22E-68B416B31ED4}.Ad-Hoc|iPhone.Build.0 = Release|Any CPU
		{F0886D8A-C4DB-40D4-A22E-68B416B31ED4}.Ad-Hoc|iPhoneSimulator.ActiveCfg = Release|Any CPU
		{F0886D8A-C4DB-40D4-A22E-68B416B31ED4}.Ad-Hoc|iPhoneSimulator.Build.0 = Release|Any CPU
		{F0886D8A-C4DB-40D4-A22E-68B416B31ED4}.AppStore|Any CPU.ActiveCfg = Release|Any CPU
		{F0886D8A-C4DB-40D4-A22E-68B416B31ED4}.AppStore|Any CPU.Build.0 = Release|Any CPU
		{F0886D8A-C4DB-40D4-A22E-68B416B31ED4}.AppStore|iPhone.ActiveCfg = Release|Any CPU
		{F0886D8A-C4DB-40D4-A22E-68B416B31ED4}.AppStore|iPhone.Build.0 = Release|Any CPU
		{F0886D8A-C4DB-40D4-A22E-68B416B31ED4}.AppStore|iPhoneSimulator.ActiveCfg = Release|Any CPU
		{F0886D8A-C4DB-40D4-A22E-68B416B31ED4}.AppStore|iPhoneSimulator.Build.0 = Release|Any CPU
		{F0886D8A-C4DB-40D4-A22E-68B416B31ED4}.Debug|Any CPU.ActiveCfg = Debug|Any CPU
		{F0886D8A-C4DB-40D4-A22E-68B416B31ED4}.Debug|Any CPU.Build.0 = Debug|Any CPU
		{F0886D8A-C4DB-40D4-A22E-68B416B31ED4}.Debug|iPhone.ActiveCfg = Debug|Any CPU
		{F0886D8A-C4DB-40D4-A22E-68B416B31ED4}.Debug|iPhone.Build.0 = Debug|Any CPU
		{F0886D8A-C4DB-40D4-A22E-68B416B31ED4}.Debug|iPhoneSimulator.ActiveCfg = Debug|Any CPU
		{F0886D8A-C4DB-40D4-A22E-68B416B31ED4}.Debug|iPhoneSimulator.Build.0 = Debug|Any CPU
		{F0886D8A-C4DB-40D4-A22E-68B416B31ED4}.Release|Any CPU.ActiveCfg = Release|Any CPU
		{F0886D8A-C4DB-40D4-A22E-68B416B31ED4}.Release|Any CPU.Build.0 = Release|Any CPU
		{F0886D8A-C4DB-40D4-A22E-68B416B31ED4}.Release|iPhone.ActiveCfg = Release|Any CPU
		{F0886D8A-C4DB-40D4-A22E-68B416B31ED4}.Release|iPhone.Build.0 = Release|Any CPU
		{F0886D8A-C4DB-40D4-A22E-68B416B31ED4}.Release|iPhoneSimulator.ActiveCfg = Release|Any CPU
		{F0886D8A-C4DB-40D4-A22E-68B416B31ED4}.Release|iPhoneSimulator.Build.0 = Release|Any CPU
		{4F1BF8FD-09E1-40AF-9015-2D23B8924963}.Ad-Hoc|Any CPU.ActiveCfg = Debug|Any CPU
		{4F1BF8FD-09E1-40AF-9015-2D23B8924963}.Ad-Hoc|Any CPU.Build.0 = Debug|Any CPU
		{4F1BF8FD-09E1-40AF-9015-2D23B8924963}.Ad-Hoc|iPhone.ActiveCfg = Debug|Any CPU
		{4F1BF8FD-09E1-40AF-9015-2D23B8924963}.Ad-Hoc|iPhone.Build.0 = Debug|Any CPU
		{4F1BF8FD-09E1-40AF-9015-2D23B8924963}.Ad-Hoc|iPhoneSimulator.ActiveCfg = Debug|Any CPU
		{4F1BF8FD-09E1-40AF-9015-2D23B8924963}.Ad-Hoc|iPhoneSimulator.Build.0 = Debug|Any CPU
		{4F1BF8FD-09E1-40AF-9015-2D23B8924963}.AppStore|Any CPU.ActiveCfg = Debug|Any CPU
		{4F1BF8FD-09E1-40AF-9015-2D23B8924963}.AppStore|Any CPU.Build.0 = Debug|Any CPU
		{4F1BF8FD-09E1-40AF-9015-2D23B8924963}.AppStore|iPhone.ActiveCfg = Debug|Any CPU
		{4F1BF8FD-09E1-40AF-9015-2D23B8924963}.AppStore|iPhone.Build.0 = Debug|Any CPU
		{4F1BF8FD-09E1-40AF-9015-2D23B8924963}.AppStore|iPhoneSimulator.ActiveCfg = Debug|Any CPU
		{4F1BF8FD-09E1-40AF-9015-2D23B8924963}.AppStore|iPhoneSimulator.Build.0 = Debug|Any CPU
		{4F1BF8FD-09E1-40AF-9015-2D23B8924963}.Debug|Any CPU.ActiveCfg = Debug|Any CPU
		{4F1BF8FD-09E1-40AF-9015-2D23B8924963}.Debug|Any CPU.Build.0 = Debug|Any CPU
		{4F1BF8FD-09E1-40AF-9015-2D23B8924963}.Debug|iPhone.ActiveCfg = Debug|Any CPU
		{4F1BF8FD-09E1-40AF-9015-2D23B8924963}.Debug|iPhone.Build.0 = Debug|Any CPU
		{4F1BF8FD-09E1-40AF-9015-2D23B8924963}.Debug|iPhoneSimulator.ActiveCfg = Debug|Any CPU
		{4F1BF8FD-09E1-40AF-9015-2D23B8924963}.Debug|iPhoneSimulator.Build.0 = Debug|Any CPU
		{4F1BF8FD-09E1-40AF-9015-2D23B8924963}.Release|Any CPU.ActiveCfg = Release|Any CPU
		{4F1BF8FD-09E1-40AF-9015-2D23B8924963}.Release|Any CPU.Build.0 = Release|Any CPU
		{4F1BF8FD-09E1-40AF-9015-2D23B8924963}.Release|iPhone.ActiveCfg = Release|Any CPU
		{4F1BF8FD-09E1-40AF-9015-2D23B8924963}.Release|iPhone.Build.0 = Release|Any CPU
		{4F1BF8FD-09E1-40AF-9015-2D23B8924963}.Release|iPhoneSimulator.ActiveCfg = Release|Any CPU
		{4F1BF8FD-09E1-40AF-9015-2D23B8924963}.Release|iPhoneSimulator.Build.0 = Release|Any CPU
		{DD30981D-CB00-4FAB-8A47-4942A102A3B3}.Ad-Hoc|Any CPU.ActiveCfg = Release|Any CPU
		{DD30981D-CB00-4FAB-8A47-4942A102A3B3}.Ad-Hoc|Any CPU.Build.0 = Release|Any CPU
		{DD30981D-CB00-4FAB-8A47-4942A102A3B3}.Ad-Hoc|Any CPU.Deploy.0 = Release|Any CPU
		{DD30981D-CB00-4FAB-8A47-4942A102A3B3}.Ad-Hoc|iPhone.ActiveCfg = Release|Any CPU
		{DD30981D-CB00-4FAB-8A47-4942A102A3B3}.Ad-Hoc|iPhone.Build.0 = Release|Any CPU
		{DD30981D-CB00-4FAB-8A47-4942A102A3B3}.Ad-Hoc|iPhone.Deploy.0 = Release|Any CPU
		{DD30981D-CB00-4FAB-8A47-4942A102A3B3}.Ad-Hoc|iPhoneSimulator.ActiveCfg = Release|Any CPU
		{DD30981D-CB00-4FAB-8A47-4942A102A3B3}.Ad-Hoc|iPhoneSimulator.Build.0 = Release|Any CPU
		{DD30981D-CB00-4FAB-8A47-4942A102A3B3}.Ad-Hoc|iPhoneSimulator.Deploy.0 = Release|Any CPU
		{DD30981D-CB00-4FAB-8A47-4942A102A3B3}.AppStore|Any CPU.ActiveCfg = Release|Any CPU
		{DD30981D-CB00-4FAB-8A47-4942A102A3B3}.AppStore|Any CPU.Build.0 = Release|Any CPU
		{DD30981D-CB00-4FAB-8A47-4942A102A3B3}.AppStore|Any CPU.Deploy.0 = Release|Any CPU
		{DD30981D-CB00-4FAB-8A47-4942A102A3B3}.AppStore|iPhone.ActiveCfg = Release|Any CPU
		{DD30981D-CB00-4FAB-8A47-4942A102A3B3}.AppStore|iPhone.Build.0 = Release|Any CPU
		{DD30981D-CB00-4FAB-8A47-4942A102A3B3}.AppStore|iPhone.Deploy.0 = Release|Any CPU
		{DD30981D-CB00-4FAB-8A47-4942A102A3B3}.AppStore|iPhoneSimulator.ActiveCfg = Release|Any CPU
		{DD30981D-CB00-4FAB-8A47-4942A102A3B3}.AppStore|iPhoneSimulator.Build.0 = Release|Any CPU
		{DD30981D-CB00-4FAB-8A47-4942A102A3B3}.AppStore|iPhoneSimulator.Deploy.0 = Release|Any CPU
		{DD30981D-CB00-4FAB-8A47-4942A102A3B3}.Debug|Any CPU.ActiveCfg = Debug|Any CPU
		{DD30981D-CB00-4FAB-8A47-4942A102A3B3}.Debug|Any CPU.Build.0 = Debug|Any CPU
		{DD30981D-CB00-4FAB-8A47-4942A102A3B3}.Debug|Any CPU.Deploy.0 = Debug|Any CPU
		{DD30981D-CB00-4FAB-8A47-4942A102A3B3}.Debug|iPhone.ActiveCfg = Debug|Any CPU
		{DD30981D-CB00-4FAB-8A47-4942A102A3B3}.Debug|iPhone.Build.0 = Debug|Any CPU
		{DD30981D-CB00-4FAB-8A47-4942A102A3B3}.Debug|iPhone.Deploy.0 = Debug|Any CPU
		{DD30981D-CB00-4FAB-8A47-4942A102A3B3}.Debug|iPhoneSimulator.ActiveCfg = Debug|Any CPU
		{DD30981D-CB00-4FAB-8A47-4942A102A3B3}.Debug|iPhoneSimulator.Build.0 = Debug|Any CPU
		{DD30981D-CB00-4FAB-8A47-4942A102A3B3}.Debug|iPhoneSimulator.Deploy.0 = Debug|Any CPU
		{DD30981D-CB00-4FAB-8A47-4942A102A3B3}.Release|Any CPU.ActiveCfg = Release|Any CPU
		{DD30981D-CB00-4FAB-8A47-4942A102A3B3}.Release|Any CPU.Build.0 = Release|Any CPU
		{DD30981D-CB00-4FAB-8A47-4942A102A3B3}.Release|Any CPU.Deploy.0 = Release|Any CPU
		{DD30981D-CB00-4FAB-8A47-4942A102A3B3}.Release|iPhone.ActiveCfg = Release|Any CPU
		{DD30981D-CB00-4FAB-8A47-4942A102A3B3}.Release|iPhone.Build.0 = Release|Any CPU
		{DD30981D-CB00-4FAB-8A47-4942A102A3B3}.Release|iPhone.Deploy.0 = Release|Any CPU
		{DD30981D-CB00-4FAB-8A47-4942A102A3B3}.Release|iPhoneSimulator.ActiveCfg = Release|Any CPU
		{DD30981D-CB00-4FAB-8A47-4942A102A3B3}.Release|iPhoneSimulator.Build.0 = Release|Any CPU
		{DD30981D-CB00-4FAB-8A47-4942A102A3B3}.Release|iPhoneSimulator.Deploy.0 = Release|Any CPU
		{DC0521B7-9DB7-473C-BB6F-1F8B5FA1F5D3}.Ad-Hoc|Any CPU.ActiveCfg = Ad-Hoc|iPhone
		{DC0521B7-9DB7-473C-BB6F-1F8B5FA1F5D3}.Ad-Hoc|iPhone.ActiveCfg = Ad-Hoc|iPhone
		{DC0521B7-9DB7-473C-BB6F-1F8B5FA1F5D3}.Ad-Hoc|iPhone.Build.0 = Ad-Hoc|iPhone
		{DC0521B7-9DB7-473C-BB6F-1F8B5FA1F5D3}.Ad-Hoc|iPhoneSimulator.ActiveCfg = Ad-Hoc|iPhoneSimulator
		{DC0521B7-9DB7-473C-BB6F-1F8B5FA1F5D3}.Ad-Hoc|iPhoneSimulator.Build.0 = Ad-Hoc|iPhoneSimulator
		{DC0521B7-9DB7-473C-BB6F-1F8B5FA1F5D3}.AppStore|Any CPU.ActiveCfg = AppStore|iPhone
		{DC0521B7-9DB7-473C-BB6F-1F8B5FA1F5D3}.AppStore|iPhone.ActiveCfg = AppStore|iPhone
		{DC0521B7-9DB7-473C-BB6F-1F8B5FA1F5D3}.AppStore|iPhone.Build.0 = AppStore|iPhone
		{DC0521B7-9DB7-473C-BB6F-1F8B5FA1F5D3}.AppStore|iPhoneSimulator.ActiveCfg = AppStore|iPhoneSimulator
		{DC0521B7-9DB7-473C-BB6F-1F8B5FA1F5D3}.AppStore|iPhoneSimulator.Build.0 = AppStore|iPhoneSimulator
		{DC0521B7-9DB7-473C-BB6F-1F8B5FA1F5D3}.Debug|Any CPU.ActiveCfg = Debug|iPhone
		{DC0521B7-9DB7-473C-BB6F-1F8B5FA1F5D3}.Debug|iPhone.ActiveCfg = Debug|iPhone
		{DC0521B7-9DB7-473C-BB6F-1F8B5FA1F5D3}.Debug|iPhone.Build.0 = Debug|iPhone
		{DC0521B7-9DB7-473C-BB6F-1F8B5FA1F5D3}.Debug|iPhoneSimulator.ActiveCfg = Debug|iPhoneSimulator
		{DC0521B7-9DB7-473C-BB6F-1F8B5FA1F5D3}.Debug|iPhoneSimulator.Build.0 = Debug|iPhoneSimulator
		{DC0521B7-9DB7-473C-BB6F-1F8B5FA1F5D3}.Release|Any CPU.ActiveCfg = Release|iPhone
		{DC0521B7-9DB7-473C-BB6F-1F8B5FA1F5D3}.Release|iPhone.ActiveCfg = Release|iPhone
		{DC0521B7-9DB7-473C-BB6F-1F8B5FA1F5D3}.Release|iPhone.Build.0 = Release|iPhone
		{DC0521B7-9DB7-473C-BB6F-1F8B5FA1F5D3}.Release|iPhoneSimulator.ActiveCfg = Release|iPhoneSimulator
		{DC0521B7-9DB7-473C-BB6F-1F8B5FA1F5D3}.Release|iPhoneSimulator.Build.0 = Release|iPhoneSimulator
		{59A9051E-B258-428D-A595-7E1AADB37092}.Ad-Hoc|Any CPU.ActiveCfg = Release|iPhone
		{59A9051E-B258-428D-A595-7E1AADB37092}.Ad-Hoc|Any CPU.Build.0 = Release|iPhone
		{59A9051E-B258-428D-A595-7E1AADB37092}.Ad-Hoc|iPhone.ActiveCfg = Release|iPhone
		{59A9051E-B258-428D-A595-7E1AADB37092}.Ad-Hoc|iPhone.Build.0 = Release|iPhone
		{59A9051E-B258-428D-A595-7E1AADB37092}.Ad-Hoc|iPhoneSimulator.ActiveCfg = Release|iPhoneSimulator
		{59A9051E-B258-428D-A595-7E1AADB37092}.Ad-Hoc|iPhoneSimulator.Build.0 = Release|iPhoneSimulator
		{59A9051E-B258-428D-A595-7E1AADB37092}.AppStore|Any CPU.ActiveCfg = Release|iPhone
		{59A9051E-B258-428D-A595-7E1AADB37092}.AppStore|Any CPU.Build.0 = Release|iPhone
		{59A9051E-B258-428D-A595-7E1AADB37092}.AppStore|iPhone.ActiveCfg = Release|iPhone
		{59A9051E-B258-428D-A595-7E1AADB37092}.AppStore|iPhone.Build.0 = Release|iPhone
		{59A9051E-B258-428D-A595-7E1AADB37092}.AppStore|iPhoneSimulator.ActiveCfg = Release|iPhoneSimulator
		{59A9051E-B258-428D-A595-7E1AADB37092}.AppStore|iPhoneSimulator.Build.0 = Release|iPhoneSimulator
		{59A9051E-B258-428D-A595-7E1AADB37092}.Debug|Any CPU.ActiveCfg = Debug|iPhone
		{59A9051E-B258-428D-A595-7E1AADB37092}.Debug|iPhone.ActiveCfg = Debug|iPhone
		{59A9051E-B258-428D-A595-7E1AADB37092}.Debug|iPhone.Build.0 = Debug|iPhone
		{59A9051E-B258-428D-A595-7E1AADB37092}.Debug|iPhoneSimulator.ActiveCfg = Debug|iPhoneSimulator
		{59A9051E-B258-428D-A595-7E1AADB37092}.Debug|iPhoneSimulator.Build.0 = Debug|iPhoneSimulator
		{59A9051E-B258-428D-A595-7E1AADB37092}.Release|Any CPU.ActiveCfg = Release|iPhone
		{59A9051E-B258-428D-A595-7E1AADB37092}.Release|iPhone.ActiveCfg = Release|iPhone
		{59A9051E-B258-428D-A595-7E1AADB37092}.Release|iPhone.Build.0 = Release|iPhone
		{59A9051E-B258-428D-A595-7E1AADB37092}.Release|iPhoneSimulator.ActiveCfg = Release|iPhoneSimulator
		{59A9051E-B258-428D-A595-7E1AADB37092}.Release|iPhoneSimulator.Build.0 = Release|iPhoneSimulator
	EndGlobalSection
	GlobalSection(SolutionProperties) = preSolution
		HideSolutionNode = FALSE
	EndGlobalSection
	GlobalSection(ExtensibilityGlobals) = postSolution
		SolutionGuid = {FA024E2F-081D-4C80-A0CD-4281A703EF24}
	EndGlobalSection
EndGlobal
